
Microsoft Visual Studio Solution File, Format Version 12.00
# Visual Studio Version 16
VisualStudioVersion = 16.0.30114.105
MinimumVisualStudioVersion = 10.0.40219.1
Project("{2150E333-8FDC-42A3-9474-1A3956D46DE8}") = "src", "src", "{2F3C390B-AE72-4765-81F7-3F9F708E1037}"
EndProject
Project("{FAE04EC0-301F-11D3-BF4B-00C04F79EFBC}") = "TestSentryApp", "src\TestSentryApp\TestSentryApp.csproj", "{0A73D668-5798-4467-BE15-BFD55E798015}"
EndProject
Global
	GlobalSection(SolutionConfigurationPlatforms) = preSolution
		Debug|Any CPU = Debug|Any CPU
		Release|Any CPU = Release|Any CPU
	EndGlobalSection
	GlobalSection(SolutionProperties) = preSolution
		HideSolutionNode = FALSE
	EndGlobalSection
	GlobalSection(ProjectConfigurationPlatforms) = postSolution
		{0A73D668-5798-4467-BE15-BFD55E798015}.Debug|Any CPU.ActiveCfg = Debug|Any CPU
		{0A73D668-5798-4467-BE15-BFD55E798015}.Debug|Any CPU.Build.0 = Debug|Any CPU
		{0A73D668-5798-4467-BE15-BFD55E798015}.Release|Any CPU.ActiveCfg = Release|Any CPU
		{0A73D668-5798-4467-BE15-BFD55E798015}.Release|Any CPU.Build.0 = Release|Any CPU
	EndGlobalSection
	GlobalSection(NestedProjects) = preSolution
		{0A73D668-5798-4467-BE15-BFD55E798015} = {2F3C390B-AE72-4765-81F7-3F9F708E1037}
	EndGlobalSection
EndGlobal
